
Microsoft Visual Studio Solution File, Format Version 12.00
# Visual Studio Version 16
VisualStudioVersion = 16.0.31205.134
MinimumVisualStudioVersion = 10.0.40219.1
Project("{FAE04EC0-301F-11D3-BF4B-00C04F79EFBC}") = "Doctorsapointment", "Doctorsapointment\Doctorsapointment.csproj", "{77C3C0E4-363C-4C0E-9B54-59C9B2D4D19D}"
EndProject
Global
	GlobalSection(SolutionConfigurationPlatforms) = preSolution
		Debug|Any CPU = Debug|Any CPU
		Release|Any CPU = Release|Any CPU
	EndGlobalSection
	GlobalSection(ProjectConfigurationPlatforms) = postSolution
		{77C3C0E4-363C-4C0E-9B54-59C9B2D4D19D}.Debug|Any CPU.ActiveCfg = Debug|Any CPU
		{77C3C0E4-363C-4C0E-9B54-59C9B2D4D19D}.Debug|Any CPU.Build.0 = Debug|Any CPU
		{77C3C0E4-363C-4C0E-9B54-59C9B2D4D19D}.Release|Any CPU.ActiveCfg = Release|Any CPU
		{77C3C0E4-363C-4C0E-9B54-59C9B2D4D19D}.Release|Any CPU.Build.0 = Release|Any CPU
	EndGlobalSection
	GlobalSection(SolutionProperties) = preSolution
		HideSolutionNode = FALSE
	EndGlobalSection
	GlobalSection(ExtensibilityGlobals) = postSolution
		SolutionGuid = {27476CA6-61C3-4230-99C7-9932C0522149}
	EndGlobalSection
EndGlobal
